
Microsoft Visual Studio Solution File, Format Version 12.00
# Visual Studio Version 16
VisualStudioVersion = 16.0.30717.126
MinimumVisualStudioVersion = 10.0.40219.1
Project("{FAE04EC0-301F-11D3-BF4B-00C04F79EFBC}") = "SundayMobility_Task", "SundayMobility_Task\SundayMobility_Task.csproj", "{2F8BBC7A-8C50-43E2-8945-CA421552E7FB}"
EndProject
Global
	GlobalSection(SolutionConfigurationPlatforms) = preSolution
		Debug|Any CPU = Debug|Any CPU
		Release|Any CPU = Release|Any CPU
	EndGlobalSection
	GlobalSection(ProjectConfigurationPlatforms) = postSolution
		{2F8BBC7A-8C50-43E2-8945-CA421552E7FB}.Debug|Any CPU.ActiveCfg = Debug|Any CPU
		{2F8BBC7A-8C50-43E2-8945-CA421552E7FB}.Debug|Any CPU.Build.0 = Debug|Any CPU
		{2F8BBC7A-8C50-43E2-8945-CA421552E7FB}.Release|Any CPU.ActiveCfg = Release|Any CPU
		{2F8BBC7A-8C50-43E2-8945-CA421552E7FB}.Release|Any CPU.Build.0 = Release|Any CPU
	EndGlobalSection
	GlobalSection(SolutionProperties) = preSolution
		HideSolutionNode = FALSE
	EndGlobalSection
	GlobalSection(ExtensibilityGlobals) = postSolution
		SolutionGuid = {73CABBA2-58F8-4BC4-A90D-A8B101E8A3F2}
	EndGlobalSection
EndGlobal
